
Microsoft Visual Studio Solution File, Format Version 12.00
# Visual Studio 15
VisualStudioVersion = 15.0.27004.2006
MinimumVisualStudioVersion = 10.0.40219.1
Project("{FAE04EC0-301F-11D3-BF4B-00C04F79EFBC}") = "SistemaLoja", "SistemaLoja\SistemaLoja.csproj", "{55C02194-9C29-4779-BD7E-336132F2A3A9}"
EndProject
Project("{FAE04EC0-301F-11D3-BF4B-00C04F79EFBC}") = "SistemaLoja.Tests", "SistemaLoja.Tests\SistemaLoja.Tests.csproj", "{BF3C92C0-68FC-4EAD-895F-18DDB9AF1988}"
EndProject
Global
	GlobalSection(SolutionConfigurationPlatforms) = preSolution
		Debug|Any CPU = Debug|Any CPU
		Release|Any CPU = Release|Any CPU
	EndGlobalSection
	GlobalSection(ProjectConfigurationPlatforms) = postSolution
		{55C02194-9C29-4779-BD7E-336132F2A3A9}.Debug|Any CPU.ActiveCfg = Debug|Any CPU
		{55C02194-9C29-4779-BD7E-336132F2A3A9}.Debug|Any CPU.Build.0 = Debug|Any CPU
		{55C02194-9C29-4779-BD7E-336132F2A3A9}.Release|Any CPU.ActiveCfg = Release|Any CPU
		{55C02194-9C29-4779-BD7E-336132F2A3A9}.Release|Any CPU.Build.0 = Release|Any CPU
		{BF3C92C0-68FC-4EAD-895F-18DDB9AF1988}.Debug|Any CPU.ActiveCfg = Debug|Any CPU
		{BF3C92C0-68FC-4EAD-895F-18DDB9AF1988}.Debug|Any CPU.Build.0 = Debug|Any CPU
		{BF3C92C0-68FC-4EAD-895F-18DDB9AF1988}.Release|Any CPU.ActiveCfg = Release|Any CPU
		{BF3C92C0-68FC-4EAD-895F-18DDB9AF1988}.Release|Any CPU.Build.0 = Release|Any CPU
	EndGlobalSection
	GlobalSection(SolutionProperties) = preSolution
		HideSolutionNode = FALSE
	EndGlobalSection
	GlobalSection(ExtensibilityGlobals) = postSolution
		SolutionGuid = {F0EB927D-904C-4546-8F78-28E6FCA245DE}
	EndGlobalSection
EndGlobal
